
Microsoft Visual Studio Solution File, Format Version 11.00
# Visual Studio 2010
Project("{FAE04EC0-301F-11D3-BF4B-00C04F79EFBC}") = "JsCssEditor", "JsCssEditor\JsCssEditor.csproj", "{42F8AD9A-3D7D-4249-BE8C-B8BC6C7362B9}"
EndProject
Project("{FAE04EC0-301F-11D3-BF4B-00C04F79EFBC}") = "JsCssEditor.Test", "Test\JsCssEditor.Test.csproj", "{A395ACAF-B5DE-4170-A20C-F9A2E482BB5D}"
EndProject
Global
	GlobalSection(SolutionConfigurationPlatforms) = preSolution
		Debug|Any CPU = Debug|Any CPU
		Release|Any CPU = Release|Any CPU
	EndGlobalSection
	GlobalSection(ProjectConfigurationPlatforms) = postSolution
		{42F8AD9A-3D7D-4249-BE8C-B8BC6C7362B9}.Debug|Any CPU.ActiveCfg = Debug|Any CPU
		{42F8AD9A-3D7D-4249-BE8C-B8BC6C7362B9}.Debug|Any CPU.Build.0 = Debug|Any CPU
		{42F8AD9A-3D7D-4249-BE8C-B8BC6C7362B9}.Release|Any CPU.ActiveCfg = Release|Any CPU
		{42F8AD9A-3D7D-4249-BE8C-B8BC6C7362B9}.Release|Any CPU.Build.0 = Release|Any CPU
		{A395ACAF-B5DE-4170-A20C-F9A2E482BB5D}.Debug|Any CPU.ActiveCfg = Debug|Any CPU
		{A395ACAF-B5DE-4170-A20C-F9A2E482BB5D}.Debug|Any CPU.Build.0 = Debug|Any CPU
		{A395ACAF-B5DE-4170-A20C-F9A2E482BB5D}.Release|Any CPU.ActiveCfg = Release|Any CPU
		{A395ACAF-B5DE-4170-A20C-F9A2E482BB5D}.Release|Any CPU.Build.0 = Release|Any CPU
	EndGlobalSection
	GlobalSection(MonoDevelopProperties) = preSolution
		StartupItem = JsCssEditor\JsCssEditor.csproj
		Policies = $0
		$0.DotNetNamingPolicy = $1
		$1.DirectoryNamespaceAssociation = None
		$1.ResourceNamePolicy = FileFormatDefault
		$0.TextStylePolicy = $2
		$2.inheritsSet = null
		$2.scope = text/x-csharp
		$0.CSharpFormattingPolicy = $3
		$3.inheritsSet = Mono
		$3.inheritsScope = text/x-csharp
		$3.scope = text/x-csharp
		$0.TextStylePolicy = $4
		$4.FileWidth = 120
		$4.RemoveTrailingWhitespace = True
		$4.inheritsSet = VisualStudio
		$4.inheritsScope = text/plain
		$4.scope = text/plain
	EndGlobalSection
EndGlobal
